set_global_assignment -name FAMILY "Cyclone V"
set_global_assignment -name DEVICE 5CSEBA6U23I7
set_global_assignment -name TOP_LEVEL_ENTITY iotest
set_global_assignment -name VERILOG_FILE iotest.v
set_global_assignment -name SDC_FILE iotest.sdc
set_global_assignment -name TIMEQUEST_MULTICORNER_ANALYSIS ON
set_global_assignment -name MIN_CORE_JUNCTION_TEMP "-40"
set_global_assignment -name MAX_CORE_JUNCTION_TEMP 100
set_global_assignment -name QII_AUTO_PACKED_REGISTERS NORMAL
set_instance_assignment -name VIRTUAL_PIN ON -to q_out[*]
set_instance_assignment -name VIRTUAL_PIN ON -to sel_in
set_location_assignment PIN_V12 -to SDRAM_DQ[0]
set_location_assignment PIN_E8 -to SDRAM_DQ[1]
set_location_assignment PIN_D11 -to SDRAM_DQ[2]
set_location_assignment PIN_W12 -to SDRAM_DQ[3]
set_location_assignment PIN_AH13 -to SDRAM_DQ[4]
set_location_assignment PIN_D8 -to SDRAM_DQ[5]
set_location_assignment PIN_AH14 -to SDRAM_DQ[6]
set_location_assignment PIN_AF7 -to SDRAM_DQ[7]
set_location_assignment PIN_AE24 -to SDRAM_DQ[8]
set_location_assignment PIN_AD23 -to SDRAM_DQ[9]
set_location_assignment PIN_AE6 -to SDRAM_DQ[10]
set_location_assignment PIN_AE23 -to SDRAM_DQ[11]
set_location_assignment PIN_AG14 -to SDRAM_DQ[12]
set_location_assignment PIN_AD5 -to SDRAM_DQ[13]
set_location_assignment PIN_AF4 -to SDRAM_DQ[14]
set_location_assignment PIN_AH3 -to SDRAM_DQ[15]
set_location_assignment PIN_AD20 -to SDRAM_CLK
set_location_assignment PIN_V11 -to CLK_50M
set_instance_assignment -name IO_STANDARD "3.3-V LVTTL" -to SDRAM_*
set_instance_assignment -name CURRENT_STRENGTH_NEW "MAXIMUM CURRENT" -to SDRAM_*
set_instance_assignment -name FAST_OUTPUT_REGISTER ON -to SDRAM_*
set_instance_assignment -name FAST_OUTPUT_ENABLE_REGISTER ON -to SDRAM_DQ[*]
set_instance_assignment -name FAST_INPUT_REGISTER ON -to SDRAM_DQ[*]
set_global_assignment -name LAST_QUARTUS_VERSION "17.0.2 Lite Edition"
set_instance_assignment -name D1_DELAY 0 -to SDRAM_DQ[*]
